
Microsoft Visual Studio Solution File, Format Version 12.00
# Visual Studio 15
VisualStudioVersion = 15.0.28307.757
MinimumVisualStudioVersion = 10.0.40219.1
Project("{FAE04EC0-301F-11D3-BF4B-00C04F79EFBC}") = "Assignment5_Programming", "Assignment5_Programming\Assignment5_Programming.csproj", "{5A232D8B-E31A-4AE1-BF2F-5A046DE2F9CD}"
EndProject
Global
	GlobalSection(SolutionConfigurationPlatforms) = preSolution
		Debug|Any CPU = Debug|Any CPU
		Release|Any CPU = Release|Any CPU
	EndGlobalSection
	GlobalSection(ProjectConfigurationPlatforms) = postSolution
		{5A232D8B-E31A-4AE1-BF2F-5A046DE2F9CD}.Debug|Any CPU.ActiveCfg = Debug|Any CPU
		{5A232D8B-E31A-4AE1-BF2F-5A046DE2F9CD}.Debug|Any CPU.Build.0 = Debug|Any CPU
		{5A232D8B-E31A-4AE1-BF2F-5A046DE2F9CD}.Release|Any CPU.ActiveCfg = Release|Any CPU
		{5A232D8B-E31A-4AE1-BF2F-5A046DE2F9CD}.Release|Any CPU.Build.0 = Release|Any CPU
	EndGlobalSection
	GlobalSection(SolutionProperties) = preSolution
		HideSolutionNode = FALSE
	EndGlobalSection
	GlobalSection(ExtensibilityGlobals) = postSolution
		SolutionGuid = {E2397DDC-0224-4FDA-9DFF-BB7917A62196}
	EndGlobalSection
EndGlobal
